// !$*UTF8*$!
{
	archiveVersion = 1;
	classes = {
	};
	objectVersion = 46;
	objects = {

/* Begin PBXBuildFile section */
		B419C096B2C443159676DECC /* libPods-TKWeatherApp.a in Frameworks */ = {isa = PBXBuildFile; fileRef = 01488D2C6DCD4945B6C56F0B /* libPods-TKWeatherApp.a */; };
		B41C418A18F5BA98009BD450 /* Foundation.framework in Frameworks */ = {isa = PBXBuildFile; fileRef = B41C418918F5BA98009BD450 /* Foundation.framework */; };
		B41C418C18F5BA98009BD450 /* CoreGraphics.framework in Frameworks */ = {isa = PBXBuildFile; fileRef = B41C418B18F5BA98009BD450 /* CoreGraphics.framework */; };
		B41C418E18F5BA98009BD450 /* UIKit.framework in Frameworks */ = {isa = PBXBuildFile; fileRef = B41C418D18F5BA98009BD450 /* UIKit.framework */; };
		B41C419418F5BA98009BD450 /* InfoPlist.strings in Resources */ = {isa = PBXBuildFile; fileRef = B41C419218F5BA98009BD450 /* InfoPlist.strings */; };
		B41C419618F5BA98009BD450 /* main.m in Sources */ = {isa = PBXBuildFile; fileRef = B41C419518F5BA98009BD450 /* main.m */; };
		B41C419A18F5BA98009BD450 /* TKAppDelegate.m in Sources */ = {isa = PBXBuildFile; fileRef = B41C419918F5BA98009BD450 /* TKAppDelegate.m */; };
		B41C419D18F5BA98009BD450 /* Main.storyboard in Resources */ = {isa = PBXBuildFile; fileRef = B41C419B18F5BA98009BD450 /* Main.storyboard */; };
		B41C41A018F5BA98009BD450 /* TKViewController.m in Sources */ = {isa = PBXBuildFile; fileRef = B41C419F18F5BA98009BD450 /* TKViewController.m */; };
		B41C41A218F5BA98009BD450 /* Images.xcassets in Resources */ = {isa = PBXBuildFile; fileRef = B41C41A118F5BA98009BD450 /* Images.xcassets */; };
		B41C41A918F5BA98009BD450 /* XCTest.framework in Frameworks */ = {isa = PBXBuildFile; fileRef = B41C41A818F5BA98009BD450 /* XCTest.framework */; };
		B41C41AA18F5BA98009BD450 /* Foundation.framework in Frameworks */ = {isa = PBXBuildFile; fileRef = B41C418918F5BA98009BD450 /* Foundation.framework */; };
		B41C41AB18F5BA98009BD450 /* UIKit.framework in Frameworks */ = {isa = PBXBuildFile; fileRef = B41C418D18F5BA98009BD450 /* UIKit.framework */; };
		B41C41B318F5BA98009BD450 /* InfoPlist.strings in Resources */ = {isa = PBXBuildFile; fileRef = B41C41B118F5BA98009BD450 /* InfoPlist.strings */; };
		B41C41B518F5BA98009BD450 /* TKWeatherAppTests.m in Sources */ = {isa = PBXBuildFile; fileRef = B41C41B418F5BA98009BD450 /* TKWeatherAppTests.m */; };
		B41C41C118F5BD9C009BD450 /* TKWeatherManager.m in Sources */ = {isa = PBXBuildFile; fileRef = B41C41C018F5BD9C009BD450 /* TKWeatherManager.m */; };
/* End PBXBuildFile section */

/* Begin PBXContainerItemProxy section */
		B41C41AC18F5BA98009BD450 /* PBXContainerItemProxy */ = {
			isa = PBXContainerItemProxy;
			containerPortal = B41C417E18F5BA98009BD450 /* Project object */;
			proxyType = 1;
			remoteGlobalIDString = B41C418518F5BA98009BD450;
			remoteInfo = TKWeatherApp;
		};
/* End PBXContainerItemProxy section */

/* Begin PBXFileReference section */
		01488D2C6DCD4945B6C56F0B /* libPods-TKWeatherApp.a */ = {isa = PBXFileReference; explicitFileType = archive.ar; includeInIndex = 0; path = "libPods-TKWeatherApp.a"; sourceTree = BUILT_PRODUCTS_DIR; };
		B41C418618F5BA98009BD450 /* TKWeatherApp.app */ = {isa = PBXFileReference; explicitFileType = wrapper.application; includeInIndex = 0; path = TKWeatherApp.app; sourceTree = BUILT_PRODUCTS_DIR; };
		B41C418918F5BA98009BD450 /* Foundation.framework */ = {isa = PBXFileReference; lastKnownFileType = wrapper.framework; name = Foundation.framework; path = System/Library/Frameworks/Foundation.framework; sourceTree = SDKROOT; };
		B41C418B18F5BA98009BD450 /* CoreGraphics.framework */ = {isa = PBXFileReference; lastKnownFileType = wrapper.framework; name = CoreGraphics.framework; path = System/Library/Frameworks/CoreGraphics.framework; sourceTree = SDKROOT; };
		B41C418D18F5BA98009BD450 /* UIKit.framework */ = {isa = PBXFileReference; lastKnownFileType = wrapper.framework; name = UIKit.framework; path = System/Library/Frameworks/UIKit.framework; sourceTree = SDKROOT; };
		B41C419118F5BA98009BD450 /* TKWeatherApp-Info.plist */ = {isa = PBXFileReference; lastKnownFileType = text.plist.xml; path = "TKWeatherApp-Info.plist"; sourceTree = "<group>"; };
		B41C419318F5BA98009BD450 /* en */ = {isa = PBXFileReference; lastKnownFileType = text.plist.strings; name = en; path = en.lproj/InfoPlist.strings; sourceTree = "<group>"; };
		B41C419518F5BA98009BD450 /* main.m */ = {isa = PBXFileReference; lastKnownFileType = sourcecode.c.objc; path = main.m; sourceTree = "<group>"; };
		B41C419718F5BA98009BD450 /* TKWeatherApp-Prefix.pch */ = {isa = PBXFileReference; lastKnownFileType = sourcecode.c.h; path = "TKWeatherApp-Prefix.pch"; sourceTree = "<group>"; };
		B41C419818F5BA98009BD450 /* TKAppDelegate.h */ = {isa = PBXFileReference; lastKnownFileType = sourcecode.c.h; path = TKAppDelegate.h; sourceTree = "<group>"; };
		B41C419918F5BA98009BD450 /* TKAppDelegate.m */ = {isa = PBXFileReference; lastKnownFileType = sourcecode.c.objc; path = TKAppDelegate.m; sourceTree = "<group>"; };
		B41C419C18F5BA98009BD450 /* Base */ = {isa = PBXFileReference; lastKnownFileType = file.storyboard; name = Base; path = Base.lproj/Main.storyboard; sourceTree = "<group>"; };
		B41C419E18F5BA98009BD450 /* TKViewController.h */ = {isa = PBXFileReference; lastKnownFileType = sourcecode.c.h; path = TKViewController.h; sourceTree = "<group>"; };
		B41C419F18F5BA98009BD450 /* TKViewController.m */ = {isa = PBXFileReference; lastKnownFileType = sourcecode.c.objc; path = TKViewController.m; sourceTree = "<group>"; };
		B41C41A118F5BA98009BD450 /* Images.xcassets */ = {isa = PBXFileReference; lastKnownFileType = folder.assetcatalog; path = Images.xcassets; sourceTree = "<group>"; };
		B41C41A718F5BA98009BD450 /* TKWeatherAppTests.xctest */ = {isa = PBXFileReference; explicitFileType = wrapper.cfbundle; includeInIndex = 0; path = TKWeatherAppTests.xctest; sourceTree = BUILT_PRODUCTS_DIR; };
		B41C41A818F5BA98009BD450 /* XCTest.framework */ = {isa = PBXFileReference; lastKnownFileType = wrapper.framework; name = XCTest.framework; path = Library/Frameworks/XCTest.framework; sourceTree = DEVELOPER_DIR; };
		B41C41B018F5BA98009BD450 /* TKWeatherAppTests-Info.plist */ = {isa = PBXFileReference; lastKnownFileType = text.plist.xml; path = "TKWeatherAppTests-Info.plist"; sourceTree = "<group>"; };
		B41C41B218F5BA98009BD450 /* en */ = {isa = PBXFileReference; lastKnownFileType = text.plist.strings; name = en; path = en.lproj/InfoPlist.strings; sourceTree = "<group>"; };
		B41C41B418F5BA98009BD450 /* TKWeatherAppTests.m */ = {isa = PBXFileReference; lastKnownFileType = sourcecode.c.objc; path = TKWeatherAppTests.m; sourceTree = "<group>"; };
		B41C41BF18F5BD9C009BD450 /* TKWeatherManager.h */ = {isa = PBXFileReference; fileEncoding = 4; lastKnownFileType = sourcecode.c.h; path = TKWeatherManager.h; sourceTree = "<group>"; };
		B41C41C018F5BD9C009BD450 /* TKWeatherManager.m */ = {isa = PBXFileReference; fileEncoding = 4; lastKnownFileType = sourcecode.c.objc; path = TKWeatherManager.m; sourceTree = "<group>"; };
		F467408EF0E2485A962216B6 /* Pods-TKWeatherApp.xcconfig */ = {isa = PBXFileReference; includeInIndex = 1; lastKnownFileType = text.xcconfig; name = "Pods-TKWeatherApp.xcconfig"; path = "Pods/Pods-TKWeatherApp.xcconfig"; sourceTree = "<group>"; };
/* End PBXFileReference section */

/* Begin PBXFrameworksBuildPhase section */
		B41C418318F5BA98009BD450 /* Frameworks */ = {
			isa = PBXFrameworksBuildPhase;
			buildActionMask = 2147483647;
			files = (
				B41C418C18F5BA98009BD450 /* CoreGraphics.framework in Frameworks */,
				B41C418E18F5BA98009BD450 /* UIKit.framework in Frameworks */,
				B41C418A18F5BA98009BD450 /* Foundation.framework in Frameworks */,
				B419C096B2C443159676DECC /* libPods-TKWeatherApp.a in Frameworks */,
			);
			runOnlyForDeploymentPostprocessing = 0;
		};
		B41C41A418F5BA98009BD450 /* Frameworks */ = {
			isa = PBXFrameworksBuildPhase;
			buildActionMask = 2147483647;
			files = (
				B41C41A918F5BA98009BD450 /* XCTest.framework in Frameworks */,
				B41C41AB18F5BA98009BD450 /* UIKit.framework in Frameworks */,
				B41C41AA18F5BA98009BD450 /* Foundation.framework in Frameworks */,
			);
			runOnlyForDeploymentPostprocessing = 0;
		};
/* End PBXFrameworksBuildPhase section */

/* Begin PBXGroup section */
		B41C417D18F5BA98009BD450 = {
			isa = PBXGroup;
			children = (
				B41C418F18F5BA98009BD450 /* TKWeatherApp */,
				B41C41AE18F5BA98009BD450 /* TKWeatherAppTests */,
				B41C418818F5BA98009BD450 /* Frameworks */,
				B41C418718F5BA98009BD450 /* Products */,
				F467408EF0E2485A962216B6 /* Pods-TKWeatherApp.xcconfig */,
			);
			sourceTree = "<group>";
		};
		B41C418718F5BA98009BD450 /* Products */ = {
			isa = PBXGroup;
			children = (
				B41C418618F5BA98009BD450 /* TKWeatherApp.app */,
				B41C41A718F5BA98009BD450 /* TKWeatherAppTests.xctest */,
			);
			name = Products;
			sourceTree = "<group>";
		};
		B41C418818F5BA98009BD450 /* Frameworks */ = {
			isa = PBXGroup;
			children = (
				B41C418918F5BA98009BD450 /* Foundation.framework */,
				B41C418B18F5BA98009BD450 /* CoreGraphics.framework */,
				B41C418D18F5BA98009BD450 /* UIKit.framework */,
				B41C41A818F5BA98009BD450 /* XCTest.framework */,
				01488D2C6DCD4945B6C56F0B /* libPods-TKWeatherApp.a */,
			);
			name = Frameworks;
			sourceTree = "<group>";
		};
		B41C418F18F5BA98009BD450 /* TKWeatherApp */ = {
			isa = PBXGroup;
			children = (
				B41C41BE18F5BD5C009BD450 /* Manager */,
				B41C419818F5BA98009BD450 /* TKAppDelegate.h */,
				B41C419918F5BA98009BD450 /* TKAppDelegate.m */,
				B41C419B18F5BA98009BD450 /* Main.storyboard */,
				B41C419E18F5BA98009BD450 /* TKViewController.h */,
				B41C419F18F5BA98009BD450 /* TKViewController.m */,
				B41C41A118F5BA98009BD450 /* Images.xcassets */,
				B41C419018F5BA98009BD450 /* Supporting Files */,
			);
			path = TKWeatherApp;
			sourceTree = "<group>";
		};
		B41C419018F5BA98009BD450 /* Supporting Files */ = {
			isa = PBXGroup;
			children = (
				B41C419118F5BA98009BD450 /* TKWeatherApp-Info.plist */,
				B41C419218F5BA98009BD450 /* InfoPlist.strings */,
				B41C419518F5BA98009BD450 /* main.m */,
				B41C419718F5BA98009BD450 /* TKWeatherApp-Prefix.pch */,
			);
			name = "Supporting Files";
			sourceTree = "<group>";
		};
		B41C41AE18F5BA98009BD450 /* TKWeatherAppTests */ = {
			isa = PBXGroup;
			children = (
				B41C41B418F5BA98009BD450 /* TKWeatherAppTests.m */,
				B41C41AF18F5BA98009BD450 /* Supporting Files */,
			);
			path = TKWeatherAppTests;
			sourceTree = "<group>";
		};
		B41C41AF18F5BA98009BD450 /* Supporting Files */ = {
			isa = PBXGroup;
			children = (
				B41C41B018F5BA98009BD450 /* TKWeatherAppTests-Info.plist */,
				B41C41B118F5BA98009BD450 /* InfoPlist.strings */,
			);
			name = "Supporting Files";
			sourceTree = "<group>";
		};
		B41C41BE18F5BD5C009BD450 /* Manager */ = {
			isa = PBXGroup;
			children = (
				B41C41BF18F5BD9C009BD450 /* TKWeatherManager.h */,
				B41C41C018F5BD9C009BD450 /* TKWeatherManager.m */,
			);
			path = Manager;
			sourceTree = "<group>";
		};
/* End PBXGroup section */

/* Begin PBXNativeTarget section */
		B41C418518F5BA98009BD450 /* TKWeatherApp */ = {
			isa = PBXNativeTarget;
			buildConfigurationList = B41C41B818F5BA98009BD450 /* Build configuration list for PBXNativeTarget "TKWeatherApp" */;
			buildPhases = (
				3E671B8AFDB742ADBDB53CF6 /* Check Pods Manifest.lock */,
				B41C418218F5BA98009BD450 /* Sources */,
				B41C418318F5BA98009BD450 /* Frameworks */,
				B41C418418F5BA98009BD450 /* Resources */,
				CCED782EC91C488ABF081ECB /* Copy Pods Resources */,
			);
			buildRules = (
			);
			dependencies = (
			);
			name = TKWeatherApp;
			productName = TKWeatherApp;
			productReference = B41C418618F5BA98009BD450 /* TKWeatherApp.app */;
			productType = "com.apple.product-type.application";
		};
		B41C41A618F5BA98009BD450 /* TKWeatherAppTests */ = {
			isa = PBXNativeTarget;
			buildConfigurationList = B41C41BB18F5BA98009BD450 /* Build configuration list for PBXNativeTarget "TKWeatherAppTests" */;
			buildPhases = (
				B41C41A318F5BA98009BD450 /* Sources */,
				B41C41A418F5BA98009BD450 /* Frameworks */,
				B41C41A518F5BA98009BD450 /* Resources */,
			);
			buildRules = (
			);
			dependencies = (
				B41C41AD18F5BA98009BD450 /* PBXTargetDependency */,
			);
			name = TKWeatherAppTests;
			productName = TKWeatherAppTests;
			productReference = B41C41A718F5BA98009BD450 /* TKWeatherAppTests.xctest */;
			productType = "com.apple.product-type.bundle.unit-test";
		};
/* End PBXNativeTarget section */

/* Begin PBXProject section */
		B41C417E18F5BA98009BD450 /* Project object */ = {
			isa = PBXProject;
			attributes = {
				CLASSPREFIX = TK;
				LastUpgradeCheck = 0510;
				ORGANIZATIONNAME = "Triệu Khang";
				TargetAttributes = {
					B41C418518F5BA98009BD450 = {
						SystemCapabilities = {
							com.apple.BackgroundModes = {
								enabled = 1;
							};
						};
					};
					B41C41A618F5BA98009BD450 = {
						TestTargetID = B41C418518F5BA98009BD450;
					};
				};
			};
			buildConfigurationList = B41C418118F5BA98009BD450 /* Build configuration list for PBXProject "TKWeatherApp" */;
			compatibilityVersion = "Xcode 3.2";
			developmentRegion = English;
			hasScannedForEncodings = 0;
			knownRegions = (
				en,
				Base,
			);
			mainGroup = B41C417D18F5BA98009BD450;
			productRefGroup = B41C418718F5BA98009BD450 /* Products */;
			projectDirPath = "";
			projectRoot = "";
			targets = (
				B41C418518F5BA98009BD450 /* TKWeatherApp */,
				B41C41A618F5BA98009BD450 /* TKWeatherAppTests */,
			);
		};
/* End PBXProject section */

/* Begin PBXResourcesBuildPhase section */
		B41C418418F5BA98009BD450 /* Resources */ = {
			isa = PBXResourcesBuildPhase;
			buildActionMask = 2147483647;
			files = (
				B41C41A218F5BA98009BD450 /* Images.xcassets in Resources */,
				B41C419418F5BA98009BD450 /* InfoPlist.strings in Resources */,
				B41C419D18F5BA98009BD450 /* Main.storyboard in Resources */,
			);
			runOnlyForDeploymentPostprocessing = 0;
		};
		B41C41A518F5BA98009BD450 /* Resources */ = {
			isa = PBXResourcesBuildPhase;
			buildActionMask = 2147483647;
			files = (
				B41C41B318F5BA98009BD450 /* InfoPlist.strings in Resources */,
			);
			runOnlyForDeploymentPostprocessing = 0;
		};
/* End PBXResourcesBuildPhase section */

/* Begin PBXShellScriptBuildPhase section */
		3E671B8AFDB742ADBDB53CF6 /* Check Pods Manifest.lock */ = {
			isa = PBXShellScriptBuildPhase;
			buildActionMask = 2147483647;
			files = (
			);
			inputPaths = (
			);
			name = "Check Pods Manifest.lock";
			outputPaths = (
			);
			runOnlyForDeploymentPostprocessing = 0;
			shellPath = /bin/sh;
			shellScript = "diff \"${PODS_ROOT}/../Podfile.lock\" \"${PODS_ROOT}/Manifest.lock\" > /dev/null\nif [[ $? != 0 ]] ; then\n    cat << EOM\nerror: The sandbox is not in sync with the Podfile.lock. Run 'pod install' or update your CocoaPods installation.\nEOM\n    exit 1\nfi\n";
			showEnvVarsInLog = 0;
		};
		CCED782EC91C488ABF081ECB /* Copy Pods Resources */ = {
			isa = PBXShellScriptBuildPhase;
			buildActionMask = 2147483647;
			files = (
			);
			inputPaths = (
			);
			name = "Copy Pods Resources";
			outputPaths = (
			);
			runOnlyForDeploymentPostprocessing = 0;
			shellPath = /bin/sh;
			shellScript = "\"${SRCROOT}/Pods/Pods-TKWeatherApp-resources.sh\"\n";
			showEnvVarsInLog = 0;
		};
/* End PBXShellScriptBuildPhase section */

/* Begin PBXSourcesBuildPhase section */
		B41C418218F5BA98009BD450 /* Sources */ = {
			isa = PBXSourcesBuildPhase;
			buildActionMask = 2147483647;
			files = (
				B41C41A018F5BA98009BD450 /* TKViewController.m in Sources */,
				B41C419618F5BA98009BD450 /* main.m in Sources */,
				B41C419A18F5BA98009BD450 /* TKAppDelegate.m in Sources */,
				B41C41C118F5BD9C009BD450 /* TKWeatherManager.m in Sources */,
			);
			runOnlyForDeploymentPostprocessing = 0;
		};
		B41C41A318F5BA98009BD450 /* Sources */ = {
			isa = PBXSourcesBuildPhase;
			buildActionMask = 2147483647;
			files = (
				B41C41B518F5BA98009BD450 /* TKWeatherAppTests.m in Sources */,
			);
			runOnlyForDeploymentPostprocessing = 0;
		};
/* End PBXSourcesBuildPhase section */

/* Begin PBXTargetDependency section */
		B41C41AD18F5BA98009BD450 /* PBXTargetDependency */ = {
			isa = PBXTargetDependency;
			target = B41C418518F5BA98009BD450 /* TKWeatherApp */;
			targetProxy = B41C41AC18F5BA98009BD450 /* PBXContainerItemProxy */;
		};
/* End PBXTargetDependency section */

/* Begin PBXVariantGroup section */
		B41C419218F5BA98009BD450 /* InfoPlist.strings */ = {
			isa = PBXVariantGroup;
			children = (
				B41C419318F5BA98009BD450 /* en */,
			);
			name = InfoPlist.strings;
			sourceTree = "<group>";
		};
		B41C419B18F5BA98009BD450 /* Main.storyboard */ = {
			isa = PBXVariantGroup;
			children = (
				B41C419C18F5BA98009BD450 /* Base */,
			);
			name = Main.storyboard;
			sourceTree = "<group>";
		};
		B41C41B118F5BA98009BD450 /* InfoPlist.strings */ = {
			isa = PBXVariantGroup;
			children = (
				B41C41B218F5BA98009BD450 /* en */,
			);
			name = InfoPlist.strings;
			sourceTree = "<group>";
		};
/* End PBXVariantGroup section */

/* Begin XCBuildConfiguration section */
		B41C41B618F5BA98009BD450 /* Debug */ = {
			isa = XCBuildConfiguration;
			buildSettings = {
				ALWAYS_SEARCH_USER_PATHS = NO;
				CLANG_CXX_LANGUAGE_STANDARD = "gnu++0x";
				CLANG_CXX_LIBRARY = "libc++";
				CLANG_ENABLE_MODULES = YES;
				CLANG_ENABLE_OBJC_ARC = YES;
				CLANG_WARN_BOOL_CONVERSION = YES;
				CLANG_WARN_CONSTANT_CONVERSION = YES;
				CLANG_WARN_DIRECT_OBJC_ISA_USAGE = YES_ERROR;
				CLANG_WARN_EMPTY_BODY = YES;
				CLANG_WARN_ENUM_CONVERSION = YES;
				CLANG_WARN_INT_CONVERSION = YES;
				CLANG_WARN_OBJC_ROOT_CLASS = YES_ERROR;
				CLANG_WARN__DUPLICATE_METHOD_MATCH = YES;
				"CODE_SIGN_IDENTITY[sdk=iphoneos*]" = "iPhone Developer";
				COPY_PHASE_STRIP = NO;
				GCC_C_LANGUAGE_STANDARD = gnu99;
				GCC_DYNAMIC_NO_PIC = NO;
				GCC_OPTIMIZATION_LEVEL = 0;
				GCC_PREPROCESSOR_DEFINITIONS = (
					"DEBUG=1",
					"$(inherited)",
				);
				GCC_SYMBOLS_PRIVATE_EXTERN = NO;
				GCC_WARN_64_TO_32_BIT_CONVERSION = YES;
				GCC_WARN_ABOUT_RETURN_TYPE = YES_ERROR;
				GCC_WARN_UNDECLARED_SELECTOR = YES;
				GCC_WARN_UNINITIALIZED_AUTOS = YES_AGGRESSIVE;
				GCC_WARN_UNUSED_FUNCTION = YES;
				GCC_WARN_UNUSED_VARIABLE = YES;
				IPHONEOS_DEPLOYMENT_TARGET = 7.1;
				ONLY_ACTIVE_ARCH = YES;
				SDKROOT = iphoneos;
			};
			name = Debug;
		};
		B41C41B718F5BA98009BD450 /* Release */ = {
			isa = XCBuildConfiguration;
			buildSettings = {
				ALWAYS_SEARCH_USER_PATHS = NO;
				CLANG_CXX_LANGUAGE_STANDARD = "gnu++0x";
				CLANG_CXX_LIBRARY = "libc++";
				CLANG_ENABLE_MODULES = YES;
				CLANG_ENABLE_OBJC_ARC = YES;
				CLANG_WARN_BOOL_CONVERSION = YES;
				CLANG_WARN_CONSTANT_CONVERSION = YES;
				CLANG_WARN_DIRECT_OBJC_ISA_USAGE = YES_ERROR;
				CLANG_WARN_EMPTY_BODY = YES;
				CLANG_WARN_ENUM_CONVERSION = YES;
				CLANG_WARN_INT_CONVERSION = YES;
				CLANG_WARN_OBJC_ROOT_CLASS = YES_ERROR;
				CLANG_WARN__DUPLICATE_METHOD_MATCH = YES;
				"CODE_SIGN_IDENTITY[sdk=iphoneos*]" = "iPhone Developer";
				COPY_PHASE_STRIP = YES;
				ENABLE_NS_ASSERTIONS = NO;
				GCC_C_LANGUAGE_STANDARD = gnu99;
				GCC_WARN_64_TO_32_BIT_CONVERSION = YES;
				GCC_WARN_ABOUT_RETURN_TYPE = YES_ERROR;
				GCC_WARN_UNDECLARED_SELECTOR = YES;
				GCC_WARN_UNINITIALIZED_AUTOS = YES_AGGRESSIVE;
				GCC_WARN_UNUSED_FUNCTION = YES;
				GCC_WARN_UNUSED_VARIABLE = YES;
				IPHONEOS_DEPLOYMENT_TARGET = 7.1;
				SDKROOT = iphoneos;
				VALIDATE_PRODUCT = YES;
			};
			name = Release;
		};
		B41C41B918F5BA98009BD450 /* Debug */ = {
			isa = XCBuildConfiguration;
			baseConfigurationReference = F467408EF0E2485A962216B6 /* Pods-TKWeatherApp.xcconfig */;
			buildSettings = {
				ASSETCATALOG_COMPILER_APPICON_NAME = AppIcon;
				ASSETCATALOG_COMPILER_LAUNCHIMAGE_NAME = LaunchImage;
				GCC_PRECOMPILE_PREFIX_HEADER = YES;
				GCC_PREFIX_HEADER = "TKWeatherApp/TKWeatherApp-Prefix.pch";
				INFOPLIST_FILE = "TKWeatherApp/TKWeatherApp-Info.plist";
				PRODUCT_NAME = "$(TARGET_NAME)";
				WRAPPER_EXTENSION = app;
			};
			name = Debug;
		};
		B41C41BA18F5BA98009BD450 /* Release */ = {
			isa = XCBuildConfiguration;
			baseConfigurationReference = F467408EF0E2485A962216B6 /* Pods-TKWeatherApp.xcconfig */;
			buildSettings = {
				ASSETCATALOG_COMPILER_APPICON_NAME = AppIcon;
				ASSETCATALOG_COMPILER_LAUNCHIMAGE_NAME = LaunchImage;
				GCC_PRECOMPILE_PREFIX_HEADER = YES;
				GCC_PREFIX_HEADER = "TKWeatherApp/TKWeatherApp-Prefix.pch";
				INFOPLIST_FILE = "TKWeatherApp/TKWeatherApp-Info.plist";
				PRODUCT_NAME = "$(TARGET_NAME)";
				WRAPPER_EXTENSION = app;
			};
			name = Release;
		};
		B41C41BC18F5BA98009BD450 /* Debug */ = {
			isa = XCBuildConfiguration;
			buildSettings = {
				BUNDLE_LOADER = "$(BUILT_PRODUCTS_DIR)/TKWeatherApp.app/TKWeatherApp";
				FRAMEWORK_SEARCH_PATHS = (
					"$(SDKROOT)/Developer/Library/Frameworks",
					"$(inherited)",
					"$(DEVELOPER_FRAMEWORKS_DIR)",
				);
				GCC_PRECOMPILE_PREFIX_HEADER = YES;
				GCC_PREFIX_HEADER = "TKWeatherApp/TKWeatherApp-Prefix.pch";
				GCC_PREPROCESSOR_DEFINITIONS = (
					"DEBUG=1",
					"$(inherited)",
				);
				INFOPLIST_FILE = "TKWeatherAppTests/TKWeatherAppTests-Info.plist";
				PRODUCT_NAME = "$(TARGET_NAME)";
				TEST_HOST = "$(BUNDLE_LOADER)";
				WRAPPER_EXTENSION = xctest;
			};
			name = Debug;
		};
		B41C41BD18F5BA98009BD450 /* Release */ = {
			isa = XCBuildConfiguration;
			buildSettings = {
				BUNDLE_LOADER = "$(BUILT_PRODUCTS_DIR)/TKWeatherApp.app/TKWeatherApp";
				FRAMEWORK_SEARCH_PATHS = (
					"$(SDKROOT)/Developer/Library/Frameworks",
					"$(inherited)",
					"$(DEVELOPER_FRAMEWORKS_DIR)",
				);
				GCC_PRECOMPILE_PREFIX_HEADER = YES;
				GCC_PREFIX_HEADER = "TKWeatherApp/TKWeatherApp-Prefix.pch";
				INFOPLIST_FILE = "TKWeatherAppTests/TKWeatherAppTests-Info.plist";
				PRODUCT_NAME = "$(TARGET_NAME)";
				TEST_HOST = "$(BUNDLE_LOADER)";
				WRAPPER_EXTENSION = xctest;
			};
			name = Release;
		};
/* End XCBuildConfiguration section */

/* Begin XCConfigurationList section */
		B41C418118F5BA98009BD450 /* Build configuration list for PBXProject "TKWeatherApp" */ = {
			isa = XCConfigurationList;
			buildConfigurations = (
				B41C41B618F5BA98009BD450 /* Debug */,
				B41C41B718F5BA98009BD450 /* Release */,
			);
			defaultConfigurationIsVisible = 0;
			defaultConfigurationName = Release;
		};
		B41C41B818F5BA98009BD450 /* Build configuration list for PBXNativeTarget "TKWeatherApp" */ = {
			isa = XCConfigurationList;
			buildConfigurations = (
				B41C41B918F5BA98009BD450 /* Debug */,
				B41C41BA18F5BA98009BD450 /* Release */,
			);
			defaultConfigurationIsVisible = 0;
			defaultConfigurationName = Release;
		};
		B41C41BB18F5BA98009BD450 /* Build configuration list for PBXNativeTarget "TKWeatherAppTests" */ = {
			isa = XCConfigurationList;
			buildConfigurations = (
				B41C41BC18F5BA98009BD450 /* Debug */,
				B41C41BD18F5BA98009BD450 /* Release */,
			);
			defaultConfigurationIsVisible = 0;
			defaultConfigurationName = Release;
		};
/* End XCConfigurationList section */
	};
	rootObject = B41C417E18F5BA98009BD450 /* Project object */;
}
