<?xml version="1.0" encoding="UTF-8"?>
<!DOCTYPE plist PUBLIC "-//Apple//DTD PLIST 1.0//EN" "http://www.apple.com/DTDs/PropertyList-1.0.dtd">
<plist version="1.0">
<dict>
	<key>archiveVersion</key>
	<string>1</string>
	<key>classes</key>
	<dict/>
	<key>objectVersion</key>
	<string>46</string>
	<key>objects</key>
	<dict>
		<key>01488D2C6DCD4945B6C56F0B</key>
		<dict>
			<key>explicitFileType</key>
			<string>archive.ar</string>
			<key>includeInIndex</key>
			<string>0</string>
			<key>isa</key>
			<string>PBXFileReference</string>
			<key>path</key>
			<string>libPods-TKWeatherApp.a</string>
			<key>sourceTree</key>
			<string>BUILT_PRODUCTS_DIR</string>
		</dict>
		<key>3E671B8AFDB742ADBDB53CF6</key>
		<dict>
			<key>buildActionMask</key>
			<string>2147483647</string>
			<key>files</key>
			<array/>
			<key>inputPaths</key>
			<array/>
			<key>isa</key>
			<string>PBXShellScriptBuildPhase</string>
			<key>name</key>
			<string>Check Pods Manifest.lock</string>
			<key>outputPaths</key>
			<array/>
			<key>runOnlyForDeploymentPostprocessing</key>
			<string>0</string>
			<key>shellPath</key>
			<string>/bin/sh</string>
			<key>shellScript</key>
			<string>diff "${PODS_ROOT}/../Podfile.lock" "${PODS_ROOT}/Manifest.lock" &gt; /dev/null
if [[ $? != 0 ]] ; then
    cat &lt;&lt; EOM
error: The sandbox is not in sync with the Podfile.lock. Run 'pod install' or update your CocoaPods installation.
EOM
    exit 1
fi
</string>
			<key>showEnvVarsInLog</key>
			<string>0</string>
		</dict>
		<key>B419C096B2C443159676DECC</key>
		<dict>
			<key>fileRef</key>
			<string>01488D2C6DCD4945B6C56F0B</string>
			<key>isa</key>
			<string>PBXBuildFile</string>
		</dict>
		<key>B41C417D18F5BA98009BD450</key>
		<dict>
			<key>children</key>
			<array>
				<string>B41C418F18F5BA98009BD450</string>
				<string>B41C41AE18F5BA98009BD450</string>
				<string>B41C418818F5BA98009BD450</string>
				<string>B41C418718F5BA98009BD450</string>
				<string>F467408EF0E2485A962216B6</string>
			</array>
			<key>isa</key>
			<string>PBXGroup</string>
			<key>sourceTree</key>
			<string>&lt;group&gt;</string>
		</dict>
		<key>B41C417E18F5BA98009BD450</key>
		<dict>
			<key>attributes</key>
			<dict>
				<key>CLASSPREFIX</key>
				<string>TK</string>
				<key>LastUpgradeCheck</key>
				<string>0510</string>
				<key>ORGANIZATIONNAME</key>
				<string>Tri&#7879;u Khang</string>
				<key>TargetAttributes</key>
				<dict>
					<key>B41C41A618F5BA98009BD450</key>
					<dict>
						<key>TestTargetID</key>
						<string>B41C418518F5BA98009BD450</string>
					</dict>
				</dict>
			</dict>
			<key>buildConfigurationList</key>
			<string>B41C418118F5BA98009BD450</string>
			<key>compatibilityVersion</key>
			<string>Xcode 3.2</string>
			<key>developmentRegion</key>
			<string>English</string>
			<key>hasScannedForEncodings</key>
			<string>0</string>
			<key>isa</key>
			<string>PBXProject</string>
			<key>knownRegions</key>
			<array>
				<string>en</string>
				<string>Base</string>
			</array>
			<key>mainGroup</key>
			<string>B41C417D18F5BA98009BD450</string>
			<key>productRefGroup</key>
			<string>B41C418718F5BA98009BD450</string>
			<key>projectDirPath</key>
			<string></string>
			<key>projectReferences</key>
			<array/>
			<key>projectRoot</key>
			<string></string>
			<key>targets</key>
			<array>
				<string>B41C418518F5BA98009BD450</string>
				<string>B41C41A618F5BA98009BD450</string>
			</array>
		</dict>
		<key>B41C418118F5BA98009BD450</key>
		<dict>
			<key>buildConfigurations</key>
			<array>
				<string>B41C41B618F5BA98009BD450</string>
				<string>B41C41B718F5BA98009BD450</string>
			</array>
			<key>defaultConfigurationIsVisible</key>
			<string>0</string>
			<key>defaultConfigurationName</key>
			<string>Release</string>
			<key>isa</key>
			<string>XCConfigurationList</string>
		</dict>
		<key>B41C418218F5BA98009BD450</key>
		<dict>
			<key>buildActionMask</key>
			<string>2147483647</string>
			<key>files</key>
			<array>
				<string>B41C41A018F5BA98009BD450</string>
				<string>B41C419618F5BA98009BD450</string>
				<string>B41C419A18F5BA98009BD450</string>
			</array>
			<key>isa</key>
			<string>PBXSourcesBuildPhase</string>
			<key>runOnlyForDeploymentPostprocessing</key>
			<string>0</string>
		</dict>
		<key>B41C418318F5BA98009BD450</key>
		<dict>
			<key>buildActionMask</key>
			<string>2147483647</string>
			<key>files</key>
			<array>
				<string>B41C418C18F5BA98009BD450</string>
				<string>B41C418E18F5BA98009BD450</string>
				<string>B41C418A18F5BA98009BD450</string>
				<string>B419C096B2C443159676DECC</string>
			</array>
			<key>isa</key>
			<string>PBXFrameworksBuildPhase</string>
			<key>runOnlyForDeploymentPostprocessing</key>
			<string>0</string>
		</dict>
		<key>B41C418418F5BA98009BD450</key>
		<dict>
			<key>buildActionMask</key>
			<string>2147483647</string>
			<key>files</key>
			<array>
				<string>B41C41A218F5BA98009BD450</string>
				<string>B41C419418F5BA98009BD450</string>
				<string>B41C419D18F5BA98009BD450</string>
			</array>
			<key>isa</key>
			<string>PBXResourcesBuildPhase</string>
			<key>runOnlyForDeploymentPostprocessing</key>
			<string>0</string>
		</dict>
		<key>B41C418518F5BA98009BD450</key>
		<dict>
			<key>buildConfigurationList</key>
			<string>B41C41B818F5BA98009BD450</string>
			<key>buildPhases</key>
			<array>
				<string>3E671B8AFDB742ADBDB53CF6</string>
				<string>B41C418218F5BA98009BD450</string>
				<string>B41C418318F5BA98009BD450</string>
				<string>B41C418418F5BA98009BD450</string>
				<string>CCED782EC91C488ABF081ECB</string>
			</array>
			<key>buildRules</key>
			<array/>
			<key>dependencies</key>
			<array/>
			<key>isa</key>
			<string>PBXNativeTarget</string>
			<key>name</key>
			<string>TKWeatherApp</string>
			<key>productName</key>
			<string>TKWeatherApp</string>
			<key>productReference</key>
			<string>B41C418618F5BA98009BD450</string>
			<key>productType</key>
			<string>com.apple.product-type.application</string>
		</dict>
		<key>B41C418618F5BA98009BD450</key>
		<dict>
			<key>explicitFileType</key>
			<string>wrapper.application</string>
			<key>includeInIndex</key>
			<string>0</string>
			<key>isa</key>
			<string>PBXFileReference</string>
			<key>path</key>
			<string>TKWeatherApp.app</string>
			<key>sourceTree</key>
			<string>BUILT_PRODUCTS_DIR</string>
		</dict>
		<key>B41C418718F5BA98009BD450</key>
		<dict>
			<key>children</key>
			<array>
				<string>B41C418618F5BA98009BD450</string>
				<string>B41C41A718F5BA98009BD450</string>
			</array>
			<key>isa</key>
			<string>PBXGroup</string>
			<key>name</key>
			<string>Products</string>
			<key>sourceTree</key>
			<string>&lt;group&gt;</string>
		</dict>
		<key>B41C418818F5BA98009BD450</key>
		<dict>
			<key>children</key>
			<array>
				<string>B41C418918F5BA98009BD450</string>
				<string>B41C418B18F5BA98009BD450</string>
				<string>B41C418D18F5BA98009BD450</string>
				<string>B41C41A818F5BA98009BD450</string>
				<string>01488D2C6DCD4945B6C56F0B</string>
			</array>
			<key>isa</key>
			<string>PBXGroup</string>
			<key>name</key>
			<string>Frameworks</string>
			<key>sourceTree</key>
			<string>&lt;group&gt;</string>
		</dict>
		<key>B41C418918F5BA98009BD450</key>
		<dict>
			<key>isa</key>
			<string>PBXFileReference</string>
			<key>lastKnownFileType</key>
			<string>wrapper.framework</string>
			<key>name</key>
			<string>Foundation.framework</string>
			<key>path</key>
			<string>System/Library/Frameworks/Foundation.framework</string>
			<key>sourceTree</key>
			<string>SDKROOT</string>
		</dict>
		<key>B41C418A18F5BA98009BD450</key>
		<dict>
			<key>fileRef</key>
			<string>B41C418918F5BA98009BD450</string>
			<key>isa</key>
			<string>PBXBuildFile</string>
		</dict>
		<key>B41C418B18F5BA98009BD450</key>
		<dict>
			<key>isa</key>
			<string>PBXFileReference</string>
			<key>lastKnownFileType</key>
			<string>wrapper.framework</string>
			<key>name</key>
			<string>CoreGraphics.framework</string>
			<key>path</key>
			<string>System/Library/Frameworks/CoreGraphics.framework</string>
			<key>sourceTree</key>
			<string>SDKROOT</string>
		</dict>
		<key>B41C418C18F5BA98009BD450</key>
		<dict>
			<key>fileRef</key>
			<string>B41C418B18F5BA98009BD450</string>
			<key>isa</key>
			<string>PBXBuildFile</string>
		</dict>
		<key>B41C418D18F5BA98009BD450</key>
		<dict>
			<key>isa</key>
			<string>PBXFileReference</string>
			<key>lastKnownFileType</key>
			<string>wrapper.framework</string>
			<key>name</key>
			<string>UIKit.framework</string>
			<key>path</key>
			<string>System/Library/Frameworks/UIKit.framework</string>
			<key>sourceTree</key>
			<string>SDKROOT</string>
		</dict>
		<key>B41C418E18F5BA98009BD450</key>
		<dict>
			<key>fileRef</key>
			<string>B41C418D18F5BA98009BD450</string>
			<key>isa</key>
			<string>PBXBuildFile</string>
		</dict>
		<key>B41C418F18F5BA98009BD450</key>
		<dict>
			<key>children</key>
			<array>
				<string>B41C419818F5BA98009BD450</string>
				<string>B41C419918F5BA98009BD450</string>
				<string>B41C419B18F5BA98009BD450</string>
				<string>B41C419E18F5BA98009BD450</string>
				<string>B41C419F18F5BA98009BD450</string>
				<string>B41C41A118F5BA98009BD450</string>
				<string>B41C419018F5BA98009BD450</string>
			</array>
			<key>isa</key>
			<string>PBXGroup</string>
			<key>path</key>
			<string>TKWeatherApp</string>
			<key>sourceTree</key>
			<string>&lt;group&gt;</string>
		</dict>
		<key>B41C419018F5BA98009BD450</key>
		<dict>
			<key>children</key>
			<array>
				<string>B41C419118F5BA98009BD450</string>
				<string>B41C419218F5BA98009BD450</string>
				<string>B41C419518F5BA98009BD450</string>
				<string>B41C419718F5BA98009BD450</string>
			</array>
			<key>isa</key>
			<string>PBXGroup</string>
			<key>name</key>
			<string>Supporting Files</string>
			<key>sourceTree</key>
			<string>&lt;group&gt;</string>
		</dict>
		<key>B41C419118F5BA98009BD450</key>
		<dict>
			<key>isa</key>
			<string>PBXFileReference</string>
			<key>lastKnownFileType</key>
			<string>text.plist.xml</string>
			<key>path</key>
			<string>TKWeatherApp-Info.plist</string>
			<key>sourceTree</key>
			<string>&lt;group&gt;</string>
		</dict>
		<key>B41C419218F5BA98009BD450</key>
		<dict>
			<key>children</key>
			<array>
				<string>B41C419318F5BA98009BD450</string>
			</array>
			<key>isa</key>
			<string>PBXVariantGroup</string>
			<key>name</key>
			<string>InfoPlist.strings</string>
			<key>sourceTree</key>
			<string>&lt;group&gt;</string>
		</dict>
		<key>B41C419318F5BA98009BD450</key>
		<dict>
			<key>isa</key>
			<string>PBXFileReference</string>
			<key>lastKnownFileType</key>
			<string>text.plist.strings</string>
			<key>name</key>
			<string>en</string>
			<key>path</key>
			<string>en.lproj/InfoPlist.strings</string>
			<key>sourceTree</key>
			<string>&lt;group&gt;</string>
		</dict>
		<key>B41C419418F5BA98009BD450</key>
		<dict>
			<key>fileRef</key>
			<string>B41C419218F5BA98009BD450</string>
			<key>isa</key>
			<string>PBXBuildFile</string>
		</dict>
		<key>B41C419518F5BA98009BD450</key>
		<dict>
			<key>isa</key>
			<string>PBXFileReference</string>
			<key>lastKnownFileType</key>
			<string>sourcecode.c.objc</string>
			<key>path</key>
			<string>main.m</string>
			<key>sourceTree</key>
			<string>&lt;group&gt;</string>
		</dict>
		<key>B41C419618F5BA98009BD450</key>
		<dict>
			<key>fileRef</key>
			<string>B41C419518F5BA98009BD450</string>
			<key>isa</key>
			<string>PBXBuildFile</string>
		</dict>
		<key>B41C419718F5BA98009BD450</key>
		<dict>
			<key>isa</key>
			<string>PBXFileReference</string>
			<key>lastKnownFileType</key>
			<string>sourcecode.c.h</string>
			<key>path</key>
			<string>TKWeatherApp-Prefix.pch</string>
			<key>sourceTree</key>
			<string>&lt;group&gt;</string>
		</dict>
		<key>B41C419818F5BA98009BD450</key>
		<dict>
			<key>isa</key>
			<string>PBXFileReference</string>
			<key>lastKnownFileType</key>
			<string>sourcecode.c.h</string>
			<key>path</key>
			<string>TKAppDelegate.h</string>
			<key>sourceTree</key>
			<string>&lt;group&gt;</string>
		</dict>
		<key>B41C419918F5BA98009BD450</key>
		<dict>
			<key>isa</key>
			<string>PBXFileReference</string>
			<key>lastKnownFileType</key>
			<string>sourcecode.c.objc</string>
			<key>path</key>
			<string>TKAppDelegate.m</string>
			<key>sourceTree</key>
			<string>&lt;group&gt;</string>
		</dict>
		<key>B41C419A18F5BA98009BD450</key>
		<dict>
			<key>fileRef</key>
			<string>B41C419918F5BA98009BD450</string>
			<key>isa</key>
			<string>PBXBuildFile</string>
		</dict>
		<key>B41C419B18F5BA98009BD450</key>
		<dict>
			<key>children</key>
			<array>
				<string>B41C419C18F5BA98009BD450</string>
			</array>
			<key>isa</key>
			<string>PBXVariantGroup</string>
			<key>name</key>
			<string>Main.storyboard</string>
			<key>sourceTree</key>
			<string>&lt;group&gt;</string>
		</dict>
		<key>B41C419C18F5BA98009BD450</key>
		<dict>
			<key>isa</key>
			<string>PBXFileReference</string>
			<key>lastKnownFileType</key>
			<string>file.storyboard</string>
			<key>name</key>
			<string>Base</string>
			<key>path</key>
			<string>Base.lproj/Main.storyboard</string>
			<key>sourceTree</key>
			<string>&lt;group&gt;</string>
		</dict>
		<key>B41C419D18F5BA98009BD450</key>
		<dict>
			<key>fileRef</key>
			<string>B41C419B18F5BA98009BD450</string>
			<key>isa</key>
			<string>PBXBuildFile</string>
		</dict>
		<key>B41C419E18F5BA98009BD450</key>
		<dict>
			<key>isa</key>
			<string>PBXFileReference</string>
			<key>lastKnownFileType</key>
			<string>sourcecode.c.h</string>
			<key>path</key>
			<string>TKViewController.h</string>
			<key>sourceTree</key>
			<string>&lt;group&gt;</string>
		</dict>
		<key>B41C419F18F5BA98009BD450</key>
		<dict>
			<key>isa</key>
			<string>PBXFileReference</string>
			<key>lastKnownFileType</key>
			<string>sourcecode.c.objc</string>
			<key>path</key>
			<string>TKViewController.m</string>
			<key>sourceTree</key>
			<string>&lt;group&gt;</string>
		</dict>
		<key>B41C41A018F5BA98009BD450</key>
		<dict>
			<key>fileRef</key>
			<string>B41C419F18F5BA98009BD450</string>
			<key>isa</key>
			<string>PBXBuildFile</string>
		</dict>
		<key>B41C41A118F5BA98009BD450</key>
		<dict>
			<key>isa</key>
			<string>PBXFileReference</string>
			<key>lastKnownFileType</key>
			<string>folder.assetcatalog</string>
			<key>path</key>
			<string>Images.xcassets</string>
			<key>sourceTree</key>
			<string>&lt;group&gt;</string>
		</dict>
		<key>B41C41A218F5BA98009BD450</key>
		<dict>
			<key>fileRef</key>
			<string>B41C41A118F5BA98009BD450</string>
			<key>isa</key>
			<string>PBXBuildFile</string>
		</dict>
		<key>B41C41A318F5BA98009BD450</key>
		<dict>
			<key>buildActionMask</key>
			<string>2147483647</string>
			<key>files</key>
			<array>
				<string>B41C41B518F5BA98009BD450</string>
			</array>
			<key>isa</key>
			<string>PBXSourcesBuildPhase</string>
			<key>runOnlyForDeploymentPostprocessing</key>
			<string>0</string>
		</dict>
		<key>B41C41A418F5BA98009BD450</key>
		<dict>
			<key>buildActionMask</key>
			<string>2147483647</string>
			<key>files</key>
			<array>
				<string>B41C41A918F5BA98009BD450</string>
				<string>B41C41AB18F5BA98009BD450</string>
				<string>B41C41AA18F5BA98009BD450</string>
			</array>
			<key>isa</key>
			<string>PBXFrameworksBuildPhase</string>
			<key>runOnlyForDeploymentPostprocessing</key>
			<string>0</string>
		</dict>
		<key>B41C41A518F5BA98009BD450</key>
		<dict>
			<key>buildActionMask</key>
			<string>2147483647</string>
			<key>files</key>
			<array>
				<string>B41C41B318F5BA98009BD450</string>
			</array>
			<key>isa</key>
			<string>PBXResourcesBuildPhase</string>
			<key>runOnlyForDeploymentPostprocessing</key>
			<string>0</string>
		</dict>
		<key>B41C41A618F5BA98009BD450</key>
		<dict>
			<key>buildConfigurationList</key>
			<string>B41C41BB18F5BA98009BD450</string>
			<key>buildPhases</key>
			<array>
				<string>B41C41A318F5BA98009BD450</string>
				<string>B41C41A418F5BA98009BD450</string>
				<string>B41C41A518F5BA98009BD450</string>
			</array>
			<key>buildRules</key>
			<array/>
			<key>dependencies</key>
			<array>
				<string>B41C41AD18F5BA98009BD450</string>
			</array>
			<key>isa</key>
			<string>PBXNativeTarget</string>
			<key>name</key>
			<string>TKWeatherAppTests</string>
			<key>productName</key>
			<string>TKWeatherAppTests</string>
			<key>productReference</key>
			<string>B41C41A718F5BA98009BD450</string>
			<key>productType</key>
			<string>com.apple.product-type.bundle.unit-test</string>
		</dict>
		<key>B41C41A718F5BA98009BD450</key>
		<dict>
			<key>explicitFileType</key>
			<string>wrapper.cfbundle</string>
			<key>includeInIndex</key>
			<string>0</string>
			<key>isa</key>
			<string>PBXFileReference</string>
			<key>path</key>
			<string>TKWeatherAppTests.xctest</string>
			<key>sourceTree</key>
			<string>BUILT_PRODUCTS_DIR</string>
		</dict>
		<key>B41C41A818F5BA98009BD450</key>
		<dict>
			<key>isa</key>
			<string>PBXFileReference</string>
			<key>lastKnownFileType</key>
			<string>wrapper.framework</string>
			<key>name</key>
			<string>XCTest.framework</string>
			<key>path</key>
			<string>Library/Frameworks/XCTest.framework</string>
			<key>sourceTree</key>
			<string>DEVELOPER_DIR</string>
		</dict>
		<key>B41C41A918F5BA98009BD450</key>
		<dict>
			<key>fileRef</key>
			<string>B41C41A818F5BA98009BD450</string>
			<key>isa</key>
			<string>PBXBuildFile</string>
		</dict>
		<key>B41C41AA18F5BA98009BD450</key>
		<dict>
			<key>fileRef</key>
			<string>B41C418918F5BA98009BD450</string>
			<key>isa</key>
			<string>PBXBuildFile</string>
		</dict>
		<key>B41C41AB18F5BA98009BD450</key>
		<dict>
			<key>fileRef</key>
			<string>B41C418D18F5BA98009BD450</string>
			<key>isa</key>
			<string>PBXBuildFile</string>
		</dict>
		<key>B41C41AC18F5BA98009BD450</key>
		<dict>
			<key>containerPortal</key>
			<string>B41C417E18F5BA98009BD450</string>
			<key>isa</key>
			<string>PBXContainerItemProxy</string>
			<key>proxyType</key>
			<string>1</string>
			<key>remoteGlobalIDString</key>
			<string>B41C418518F5BA98009BD450</string>
			<key>remoteInfo</key>
			<string>TKWeatherApp</string>
		</dict>
		<key>B41C41AD18F5BA98009BD450</key>
		<dict>
			<key>isa</key>
			<string>PBXTargetDependency</string>
			<key>target</key>
			<string>B41C418518F5BA98009BD450</string>
			<key>targetProxy</key>
			<string>B41C41AC18F5BA98009BD450</string>
		</dict>
		<key>B41C41AE18F5BA98009BD450</key>
		<dict>
			<key>children</key>
			<array>
				<string>B41C41B418F5BA98009BD450</string>
				<string>B41C41AF18F5BA98009BD450</string>
			</array>
			<key>isa</key>
			<string>PBXGroup</string>
			<key>path</key>
			<string>TKWeatherAppTests</string>
			<key>sourceTree</key>
			<string>&lt;group&gt;</string>
		</dict>
		<key>B41C41AF18F5BA98009BD450</key>
		<dict>
			<key>children</key>
			<array>
				<string>B41C41B018F5BA98009BD450</string>
				<string>B41C41B118F5BA98009BD450</string>
			</array>
			<key>isa</key>
			<string>PBXGroup</string>
			<key>name</key>
			<string>Supporting Files</string>
			<key>sourceTree</key>
			<string>&lt;group&gt;</string>
		</dict>
		<key>B41C41B018F5BA98009BD450</key>
		<dict>
			<key>isa</key>
			<string>PBXFileReference</string>
			<key>lastKnownFileType</key>
			<string>text.plist.xml</string>
			<key>path</key>
			<string>TKWeatherAppTests-Info.plist</string>
			<key>sourceTree</key>
			<string>&lt;group&gt;</string>
		</dict>
		<key>B41C41B118F5BA98009BD450</key>
		<dict>
			<key>children</key>
			<array>
				<string>B41C41B218F5BA98009BD450</string>
			</array>
			<key>isa</key>
			<string>PBXVariantGroup</string>
			<key>name</key>
			<string>InfoPlist.strings</string>
			<key>sourceTree</key>
			<string>&lt;group&gt;</string>
		</dict>
		<key>B41C41B218F5BA98009BD450</key>
		<dict>
			<key>isa</key>
			<string>PBXFileReference</string>
			<key>lastKnownFileType</key>
			<string>text.plist.strings</string>
			<key>name</key>
			<string>en</string>
			<key>path</key>
			<string>en.lproj/InfoPlist.strings</string>
			<key>sourceTree</key>
			<string>&lt;group&gt;</string>
		</dict>
		<key>B41C41B318F5BA98009BD450</key>
		<dict>
			<key>fileRef</key>
			<string>B41C41B118F5BA98009BD450</string>
			<key>isa</key>
			<string>PBXBuildFile</string>
		</dict>
		<key>B41C41B418F5BA98009BD450</key>
		<dict>
			<key>isa</key>
			<string>PBXFileReference</string>
			<key>lastKnownFileType</key>
			<string>sourcecode.c.objc</string>
			<key>path</key>
			<string>TKWeatherAppTests.m</string>
			<key>sourceTree</key>
			<string>&lt;group&gt;</string>
		</dict>
		<key>B41C41B518F5BA98009BD450</key>
		<dict>
			<key>fileRef</key>
			<string>B41C41B418F5BA98009BD450</string>
			<key>isa</key>
			<string>PBXBuildFile</string>
		</dict>
		<key>B41C41B618F5BA98009BD450</key>
		<dict>
			<key>buildSettings</key>
			<dict>
				<key>ALWAYS_SEARCH_USER_PATHS</key>
				<string>NO</string>
				<key>CLANG_CXX_LANGUAGE_STANDARD</key>
				<string>gnu++0x</string>
				<key>CLANG_CXX_LIBRARY</key>
				<string>libc++</string>
				<key>CLANG_ENABLE_MODULES</key>
				<string>YES</string>
				<key>CLANG_ENABLE_OBJC_ARC</key>
				<string>YES</string>
				<key>CLANG_WARN_BOOL_CONVERSION</key>
				<string>YES</string>
				<key>CLANG_WARN_CONSTANT_CONVERSION</key>
				<string>YES</string>
				<key>CLANG_WARN_DIRECT_OBJC_ISA_USAGE</key>
				<string>YES_ERROR</string>
				<key>CLANG_WARN_EMPTY_BODY</key>
				<string>YES</string>
				<key>CLANG_WARN_ENUM_CONVERSION</key>
				<string>YES</string>
				<key>CLANG_WARN_INT_CONVERSION</key>
				<string>YES</string>
				<key>CLANG_WARN_OBJC_ROOT_CLASS</key>
				<string>YES_ERROR</string>
				<key>CLANG_WARN__DUPLICATE_METHOD_MATCH</key>
				<string>YES</string>
				<key>CODE_SIGN_IDENTITY[sdk=iphoneos*]</key>
				<string>iPhone Developer</string>
				<key>COPY_PHASE_STRIP</key>
				<string>NO</string>
				<key>GCC_C_LANGUAGE_STANDARD</key>
				<string>gnu99</string>
				<key>GCC_DYNAMIC_NO_PIC</key>
				<string>NO</string>
				<key>GCC_OPTIMIZATION_LEVEL</key>
				<string>0</string>
				<key>GCC_PREPROCESSOR_DEFINITIONS</key>
				<array>
					<string>DEBUG=1</string>
					<string>$(inherited)</string>
				</array>
				<key>GCC_SYMBOLS_PRIVATE_EXTERN</key>
				<string>NO</string>
				<key>GCC_WARN_64_TO_32_BIT_CONVERSION</key>
				<string>YES</string>
				<key>GCC_WARN_ABOUT_RETURN_TYPE</key>
				<string>YES_ERROR</string>
				<key>GCC_WARN_UNDECLARED_SELECTOR</key>
				<string>YES</string>
				<key>GCC_WARN_UNINITIALIZED_AUTOS</key>
				<string>YES_AGGRESSIVE</string>
				<key>GCC_WARN_UNUSED_FUNCTION</key>
				<string>YES</string>
				<key>GCC_WARN_UNUSED_VARIABLE</key>
				<string>YES</string>
				<key>IPHONEOS_DEPLOYMENT_TARGET</key>
				<string>7.1</string>
				<key>ONLY_ACTIVE_ARCH</key>
				<string>YES</string>
				<key>SDKROOT</key>
				<string>iphoneos</string>
			</dict>
			<key>isa</key>
			<string>XCBuildConfiguration</string>
			<key>name</key>
			<string>Debug</string>
		</dict>
		<key>B41C41B718F5BA98009BD450</key>
		<dict>
			<key>buildSettings</key>
			<dict>
				<key>ALWAYS_SEARCH_USER_PATHS</key>
				<string>NO</string>
				<key>CLANG_CXX_LANGUAGE_STANDARD</key>
				<string>gnu++0x</string>
				<key>CLANG_CXX_LIBRARY</key>
				<string>libc++</string>
				<key>CLANG_ENABLE_MODULES</key>
				<string>YES</string>
				<key>CLANG_ENABLE_OBJC_ARC</key>
				<string>YES</string>
				<key>CLANG_WARN_BOOL_CONVERSION</key>
				<string>YES</string>
				<key>CLANG_WARN_CONSTANT_CONVERSION</key>
				<string>YES</string>
				<key>CLANG_WARN_DIRECT_OBJC_ISA_USAGE</key>
				<string>YES_ERROR</string>
				<key>CLANG_WARN_EMPTY_BODY</key>
				<string>YES</string>
				<key>CLANG_WARN_ENUM_CONVERSION</key>
				<string>YES</string>
				<key>CLANG_WARN_INT_CONVERSION</key>
				<string>YES</string>
				<key>CLANG_WARN_OBJC_ROOT_CLASS</key>
				<string>YES_ERROR</string>
				<key>CLANG_WARN__DUPLICATE_METHOD_MATCH</key>
				<string>YES</string>
				<key>CODE_SIGN_IDENTITY[sdk=iphoneos*]</key>
				<string>iPhone Developer</string>
				<key>COPY_PHASE_STRIP</key>
				<string>YES</string>
				<key>ENABLE_NS_ASSERTIONS</key>
				<string>NO</string>
				<key>GCC_C_LANGUAGE_STANDARD</key>
				<string>gnu99</string>
				<key>GCC_WARN_64_TO_32_BIT_CONVERSION</key>
				<string>YES</string>
				<key>GCC_WARN_ABOUT_RETURN_TYPE</key>
				<string>YES_ERROR</string>
				<key>GCC_WARN_UNDECLARED_SELECTOR</key>
				<string>YES</string>
				<key>GCC_WARN_UNINITIALIZED_AUTOS</key>
				<string>YES_AGGRESSIVE</string>
				<key>GCC_WARN_UNUSED_FUNCTION</key>
				<string>YES</string>
				<key>GCC_WARN_UNUSED_VARIABLE</key>
				<string>YES</string>
				<key>IPHONEOS_DEPLOYMENT_TARGET</key>
				<string>7.1</string>
				<key>SDKROOT</key>
				<string>iphoneos</string>
				<key>VALIDATE_PRODUCT</key>
				<string>YES</string>
			</dict>
			<key>isa</key>
			<string>XCBuildConfiguration</string>
			<key>name</key>
			<string>Release</string>
		</dict>
		<key>B41C41B818F5BA98009BD450</key>
		<dict>
			<key>buildConfigurations</key>
			<array>
				<string>B41C41B918F5BA98009BD450</string>
				<string>B41C41BA18F5BA98009BD450</string>
			</array>
			<key>defaultConfigurationIsVisible</key>
			<string>0</string>
			<key>isa</key>
			<string>XCConfigurationList</string>
		</dict>
		<key>B41C41B918F5BA98009BD450</key>
		<dict>
			<key>baseConfigurationReference</key>
			<string>F467408EF0E2485A962216B6</string>
			<key>buildSettings</key>
			<dict>
				<key>ASSETCATALOG_COMPILER_APPICON_NAME</key>
				<string>AppIcon</string>
				<key>ASSETCATALOG_COMPILER_LAUNCHIMAGE_NAME</key>
				<string>LaunchImage</string>
				<key>GCC_PRECOMPILE_PREFIX_HEADER</key>
				<string>YES</string>
				<key>GCC_PREFIX_HEADER</key>
				<string>TKWeatherApp/TKWeatherApp-Prefix.pch</string>
				<key>INFOPLIST_FILE</key>
				<string>TKWeatherApp/TKWeatherApp-Info.plist</string>
				<key>PRODUCT_NAME</key>
				<string>$(TARGET_NAME)</string>
				<key>WRAPPER_EXTENSION</key>
				<string>app</string>
			</dict>
			<key>isa</key>
			<string>XCBuildConfiguration</string>
			<key>name</key>
			<string>Debug</string>
		</dict>
		<key>B41C41BA18F5BA98009BD450</key>
		<dict>
			<key>baseConfigurationReference</key>
			<string>F467408EF0E2485A962216B6</string>
			<key>buildSettings</key>
			<dict>
				<key>ASSETCATALOG_COMPILER_APPICON_NAME</key>
				<string>AppIcon</string>
				<key>ASSETCATALOG_COMPILER_LAUNCHIMAGE_NAME</key>
				<string>LaunchImage</string>
				<key>GCC_PRECOMPILE_PREFIX_HEADER</key>
				<string>YES</string>
				<key>GCC_PREFIX_HEADER</key>
				<string>TKWeatherApp/TKWeatherApp-Prefix.pch</string>
				<key>INFOPLIST_FILE</key>
				<string>TKWeatherApp/TKWeatherApp-Info.plist</string>
				<key>PRODUCT_NAME</key>
				<string>$(TARGET_NAME)</string>
				<key>WRAPPER_EXTENSION</key>
				<string>app</string>
			</dict>
			<key>isa</key>
			<string>XCBuildConfiguration</string>
			<key>name</key>
			<string>Release</string>
		</dict>
		<key>B41C41BB18F5BA98009BD450</key>
		<dict>
			<key>buildConfigurations</key>
			<array>
				<string>B41C41BC18F5BA98009BD450</string>
				<string>B41C41BD18F5BA98009BD450</string>
			</array>
			<key>defaultConfigurationIsVisible</key>
			<string>0</string>
			<key>isa</key>
			<string>XCConfigurationList</string>
		</dict>
		<key>B41C41BC18F5BA98009BD450</key>
		<dict>
			<key>buildSettings</key>
			<dict>
				<key>BUNDLE_LOADER</key>
				<string>$(BUILT_PRODUCTS_DIR)/TKWeatherApp.app/TKWeatherApp</string>
				<key>FRAMEWORK_SEARCH_PATHS</key>
				<array>
					<string>$(SDKROOT)/Developer/Library/Frameworks</string>
					<string>$(inherited)</string>
					<string>$(DEVELOPER_FRAMEWORKS_DIR)</string>
				</array>
				<key>GCC_PRECOMPILE_PREFIX_HEADER</key>
				<string>YES</string>
				<key>GCC_PREFIX_HEADER</key>
				<string>TKWeatherApp/TKWeatherApp-Prefix.pch</string>
				<key>GCC_PREPROCESSOR_DEFINITIONS</key>
				<array>
					<string>DEBUG=1</string>
					<string>$(inherited)</string>
				</array>
				<key>INFOPLIST_FILE</key>
				<string>TKWeatherAppTests/TKWeatherAppTests-Info.plist</string>
				<key>PRODUCT_NAME</key>
				<string>$(TARGET_NAME)</string>
				<key>TEST_HOST</key>
				<string>$(BUNDLE_LOADER)</string>
				<key>WRAPPER_EXTENSION</key>
				<string>xctest</string>
			</dict>
			<key>isa</key>
			<string>XCBuildConfiguration</string>
			<key>name</key>
			<string>Debug</string>
		</dict>
		<key>B41C41BD18F5BA98009BD450</key>
		<dict>
			<key>buildSettings</key>
			<dict>
				<key>BUNDLE_LOADER</key>
				<string>$(BUILT_PRODUCTS_DIR)/TKWeatherApp.app/TKWeatherApp</string>
				<key>FRAMEWORK_SEARCH_PATHS</key>
				<array>
					<string>$(SDKROOT)/Developer/Library/Frameworks</string>
					<string>$(inherited)</string>
					<string>$(DEVELOPER_FRAMEWORKS_DIR)</string>
				</array>
				<key>GCC_PRECOMPILE_PREFIX_HEADER</key>
				<string>YES</string>
				<key>GCC_PREFIX_HEADER</key>
				<string>TKWeatherApp/TKWeatherApp-Prefix.pch</string>
				<key>INFOPLIST_FILE</key>
				<string>TKWeatherAppTests/TKWeatherAppTests-Info.plist</string>
				<key>PRODUCT_NAME</key>
				<string>$(TARGET_NAME)</string>
				<key>TEST_HOST</key>
				<string>$(BUNDLE_LOADER)</string>
				<key>WRAPPER_EXTENSION</key>
				<string>xctest</string>
			</dict>
			<key>isa</key>
			<string>XCBuildConfiguration</string>
			<key>name</key>
			<string>Release</string>
		</dict>
		<key>CCED782EC91C488ABF081ECB</key>
		<dict>
			<key>buildActionMask</key>
			<string>2147483647</string>
			<key>files</key>
			<array/>
			<key>inputPaths</key>
			<array/>
			<key>isa</key>
			<string>PBXShellScriptBuildPhase</string>
			<key>name</key>
			<string>Copy Pods Resources</string>
			<key>outputPaths</key>
			<array/>
			<key>runOnlyForDeploymentPostprocessing</key>
			<string>0</string>
			<key>shellPath</key>
			<string>/bin/sh</string>
			<key>shellScript</key>
			<string>"${SRCROOT}/Pods/Pods-TKWeatherApp-resources.sh"
</string>
			<key>showEnvVarsInLog</key>
			<string>0</string>
		</dict>
		<key>F467408EF0E2485A962216B6</key>
		<dict>
			<key>includeInIndex</key>
			<string>1</string>
			<key>isa</key>
			<string>PBXFileReference</string>
			<key>lastKnownFileType</key>
			<string>text.xcconfig</string>
			<key>name</key>
			<string>Pods-TKWeatherApp.xcconfig</string>
			<key>path</key>
			<string>Pods/Pods-TKWeatherApp.xcconfig</string>
			<key>sourceTree</key>
			<string>&lt;group&gt;</string>
		</dict>
	</dict>
	<key>rootObject</key>
	<string>B41C417E18F5BA98009BD450</string>
</dict>
</plist>
